
Microsoft Visual Studio Solution File, Format Version 12.00
# Visual Studio Version 16
VisualStudioVersion = 16.0.34031.81
MinimumVisualStudioVersion = 10.0.40219.1
Project("{2150E333-8FDC-42A3-9474-1A3956D46DE8}") = "Task0", "Task0", "{22305787-5D69-48B1-B688-0DC3D688D3D6}"
EndProject
Project("{FAE04EC0-301F-11D3-BF4B-00C04F79EFBC}") = "Tyuiu.KaverinED.Sprint5.Task0.V19.Test", "Tyuiu.KaverinED.Sprint5.Task0.V19.Test\Tyuiu.KaverinED.Sprint5.Task0.V19.Test.csproj", "{FD431380-4CF7-4829-9AAC-D3F5B6517E6A}"
EndProject
Project("{FAE04EC0-301F-11D3-BF4B-00C04F79EFBC}") = "Tyuiu.KaverinED.Sprint5.Task0.V19", "Tyuiu.KaverinED.Sprint5.Task0.V19\Tyuiu.KaverinED.Sprint5.Task0.V19.csproj", "{C7E1B0D6-FD01-4ADD-A39A-863265903256}"
EndProject
Project("{FAE04EC0-301F-11D3-BF4B-00C04F79EFBC}") = "Tyuiu.KaverinED.Sprint5.Task0.V19.Lib", "Tyuiu.KaverinED.Sprint5.Task0.V19.Lib\Tyuiu.KaverinED.Sprint5.Task0.V19.Lib.csproj", "{34A182C2-CE6B-4CCF-A292-D63CEBF06528}"
EndProject
Project("{2150E333-8FDC-42A3-9474-1A3956D46DE8}") = "Task1", "Task1", "{F62CDABE-60CC-45F0-B04C-329E4106656B}"
EndProject
Project("{FAE04EC0-301F-11D3-BF4B-00C04F79EFBC}") = "Tyuiu.KaverinED.Sprint5.Task1.V23", "Tyuiu.KaverinED.Sprint5.Task1.V23\Tyuiu.KaverinED.Sprint5.Task1.V23.csproj", "{FD6C671B-0A63-49CD-A2AB-1BA9CC7A68C8}"
EndProject
Project("{FAE04EC0-301F-11D3-BF4B-00C04F79EFBC}") = "Tyuiu.KaverinED.Sprint5.Task1.V23.Lib", "Tyuiu.KaverinED.Sprint5.Task1.V23.Lib\Tyuiu.KaverinED.Sprint5.Task1.V23.Lib.csproj", "{52CDE0B2-9674-400A-9F73-BEC00F73BA5C}"
EndProject
Project("{FAE04EC0-301F-11D3-BF4B-00C04F79EFBC}") = "Tyuiu.KaverinED.Sprint5.Task1.V23.Test", "Tyuiu.KaverinED.Sprint5.Task1.V23.Test\Tyuiu.KaverinED.Sprint5.Task1.V23.Test.csproj", "{7C8857CD-0DC8-432C-A5D9-055F0CAAC006}"
EndProject
Project("{2150E333-8FDC-42A3-9474-1A3956D46DE8}") = "Task2", "Task2", "{92F93F2E-FB75-430F-8B8D-E180774159D9}"
EndProject
Project("{2150E333-8FDC-42A3-9474-1A3956D46DE8}") = "Task3", "Task3", "{6C8860BB-925E-413E-8928-C34C1DC8DD79}"
EndProject
Project("{2150E333-8FDC-42A3-9474-1A3956D46DE8}") = "Task4", "Task4", "{995B2C02-DB30-42AF-BD5E-9CABEEE3CC62}"
EndProject
Project("{2150E333-8FDC-42A3-9474-1A3956D46DE8}") = "Task5", "Task5", "{0F00FBBB-513F-474F-BB13-C2C6B78777D3}"
EndProject
Project("{2150E333-8FDC-42A3-9474-1A3956D46DE8}") = "Task6", "Task6", "{68C0B8CF-39F2-49C0-9B8C-598A535532F7}"
EndProject
Project("{2150E333-8FDC-42A3-9474-1A3956D46DE8}") = "Task7", "Task7", "{0D74866D-7497-41B7-A1B8-97FD7A9C3BE9}"
EndProject
Project("{FAE04EC0-301F-11D3-BF4B-00C04F79EFBC}") = "Tyuiu.KaverinED.Sprint5.Task2.V30", "Tyuiu.KaverinED.Sprint5.Task2.V30\Tyuiu.KaverinED.Sprint5.Task2.V30.csproj", "{EAF7ECB7-7E45-4BEE-B79B-B2BC8AE2FE01}"
EndProject
Project("{FAE04EC0-301F-11D3-BF4B-00C04F79EFBC}") = "Tyuiu.KaverinED.Sprint5.Task2.V30.Lib", "Tyuiu.KaverinED.Sprint5.Task2.V30.Lib\Tyuiu.KaverinED.Sprint5.Task2.V30.Lib.csproj", "{F5832C6D-9633-47E7-B0D1-2A62F942D3A2}"
EndProject
Project("{FAE04EC0-301F-11D3-BF4B-00C04F79EFBC}") = "Tyuiu.KaverinED.Sprint5.Task2.V30.Test", "Tyuiu.KaverinED.Sprint5.Task2.V30.Test\Tyuiu.KaverinED.Sprint5.Task2.V30.Test.csproj", "{DCA0ABC8-FA44-4337-9686-C4FF51C45C7C}"
EndProject
Project("{FAE04EC0-301F-11D3-BF4B-00C04F79EFBC}") = "Tyuiu.KaverinED.Sprint5.Task3.V28", "Tyuiu.KaverinED.Sprint5.Task3.V28\Tyuiu.KaverinED.Sprint5.Task3.V28.csproj", "{B281A6C7-3F89-491C-B728-96B71B95205D}"
EndProject
Project("{FAE04EC0-301F-11D3-BF4B-00C04F79EFBC}") = "Tyuiu.KaverinED.Sprint5.Task3.V28.Lib", "Tyuiu.KaverinED.Sprint5.Task3.V28.Lib\Tyuiu.KaverinED.Sprint5.Task3.V28.Lib.csproj", "{8EFFD85B-C2D1-4EF5-B1FF-1930B909B459}"
EndProject
Project("{FAE04EC0-301F-11D3-BF4B-00C04F79EFBC}") = "Tyuiu.KaverinED.Sprint5.Task3.V28.Test", "Tyuiu.KaverinED.Sprint5.Task3.V28.Test\Tyuiu.KaverinED.Sprint5.Task3.V28.Test.csproj", "{3179833F-F34D-45B5-A95B-7331967D79D8}"
EndProject
Project("{FAE04EC0-301F-11D3-BF4B-00C04F79EFBC}") = "Tyuiu.KaverinED.Sprint5.Task4.V20", "Tyuiu.KaverinED.Sprint5.Task4.V20\Tyuiu.KaverinED.Sprint5.Task4.V20.csproj", "{0A70ECA8-4871-499F-A50D-BE79CEEF1058}"
EndProject
Project("{FAE04EC0-301F-11D3-BF4B-00C04F79EFBC}") = "Tyuiu.KaverinED.Sprint5.Task4.V20.Lib", "Tyuiu.KaverinED.Sprint5.Task4.V20.Lib\Tyuiu.KaverinED.Sprint5.Task4.V20.Lib.csproj", "{71EB3EB4-3076-4459-9FD8-ED5D76CE9D10}"
EndProject
Project("{FAE04EC0-301F-11D3-BF4B-00C04F79EFBC}") = "Tyuiu.KaverinED.Sprint5.Task4.V20.Test", "Tyuiu.KaverinED.Sprint5.Task4.V20.Test\Tyuiu.KaverinED.Sprint5.Task4.V20.Test.csproj", "{90A34208-3C00-4441-8D43-C9C9C79DDEBB}"
EndProject
Project("{FAE04EC0-301F-11D3-BF4B-00C04F79EFBC}") = "Tyuiu.KaverinED.Sprint5.Task5.V7", "Tyuiu.KaverinED.Sprint5.Task5.V7\Tyuiu.KaverinED.Sprint5.Task5.V7.csproj", "{4D4BACAA-777D-4F26-B92C-B8B24C9EEA0C}"
EndProject
Project("{FAE04EC0-301F-11D3-BF4B-00C04F79EFBC}") = "Tyuiu.KaverinED.Sprint5.Task5.V7.Lib", "Tyuiu.KaverinED.Sprint5.Task5.V7.Lib\Tyuiu.KaverinED.Sprint5.Task5.V7.Lib.csproj", "{618D752D-4BC0-4565-A8EB-0F495740FD92}"
EndProject
Project("{FAE04EC0-301F-11D3-BF4B-00C04F79EFBC}") = "Tyuiu.KaverinED.Sprint5.Task5.V7.Test", "Tyuiu.KaverinED.Sprint5.Task5.V7.Test\Tyuiu.KaverinED.Sprint5.Task5.V7.Test.csproj", "{8E402EE2-B57E-4445-ABB4-53A037434695}"
EndProject
Project("{FAE04EC0-301F-11D3-BF4B-00C04F79EFBC}") = "Tyuiu.KaverinED.Sprint5.Task6.V30", "Tyuiu.KaverinED.Sprint5.Task6.V30\Tyuiu.KaverinED.Sprint5.Task6.V30.csproj", "{A911E610-870E-4E19-AC15-3B571CB7D547}"
EndProject
Project("{FAE04EC0-301F-11D3-BF4B-00C04F79EFBC}") = "Tyuiu.KaverinED.Sprint5.Task6.V30.Lib", "Tyuiu.KaverinED.Sprint5.Task6.V30.Lib\Tyuiu.KaverinED.Sprint5.Task6.V30.Lib.csproj", "{C40D9166-850C-4135-9877-4F3FE4AED03B}"
EndProject
Project("{FAE04EC0-301F-11D3-BF4B-00C04F79EFBC}") = "Tyuiu.KaverinED.Sprint5.Task6.V30.Test", "Tyuiu.KaverinED.Sprint5.Task6.V30.Test\Tyuiu.KaverinED.Sprint5.Task6.V30.Test.csproj", "{B143D62B-D582-4E3F-80A8-9548F8D9F317}"
EndProject
Project("{FAE04EC0-301F-11D3-BF4B-00C04F79EFBC}") = "Tyuiu.KaverinED.Sprint5.Task7.V1", "Tyuiu.KaverinED.Sprint5.Task7.V1\Tyuiu.KaverinED.Sprint5.Task7.V1.csproj", "{140908BE-0ECA-43E2-82B8-F96FFB95CAE1}"
EndProject
Project("{FAE04EC0-301F-11D3-BF4B-00C04F79EFBC}") = "Tyuiu.KaverinED.Sprint5.Task7.V1.Lib", "Tyuiu.KaverinED.Sprint5.Task7.V1.Lib\Tyuiu.KaverinED.Sprint5.Task7.V1.Lib.csproj", "{B4985FB2-EF6B-4229-B504-936FB1B306F5}"
EndProject
Project("{FAE04EC0-301F-11D3-BF4B-00C04F79EFBC}") = "Tyuiu.KaverinED.Sprint5.Task7.V1.Test", "Tyuiu.KaverinED.Sprint5.Task7.V1.Test\Tyuiu.KaverinED.Sprint5.Task7.V1.Test.csproj", "{307F4E7A-C867-46ED-BCF5-616B7F549E26}"
EndProject
Global
	GlobalSection(SolutionConfigurationPlatforms) = preSolution
		Debug|Any CPU = Debug|Any CPU
		Release|Any CPU = Release|Any CPU
	EndGlobalSection
	GlobalSection(ProjectConfigurationPlatforms) = postSolution
		{FD431380-4CF7-4829-9AAC-D3F5B6517E6A}.Debug|Any CPU.ActiveCfg = Debug|Any CPU
		{FD431380-4CF7-4829-9AAC-D3F5B6517E6A}.Debug|Any CPU.Build.0 = Debug|Any CPU
		{FD431380-4CF7-4829-9AAC-D3F5B6517E6A}.Release|Any CPU.ActiveCfg = Release|Any CPU
		{FD431380-4CF7-4829-9AAC-D3F5B6517E6A}.Release|Any CPU.Build.0 = Release|Any CPU
		{C7E1B0D6-FD01-4ADD-A39A-863265903256}.Debug|Any CPU.ActiveCfg = Debug|Any CPU
		{C7E1B0D6-FD01-4ADD-A39A-863265903256}.Debug|Any CPU.Build.0 = Debug|Any CPU
		{C7E1B0D6-FD01-4ADD-A39A-863265903256}.Release|Any CPU.ActiveCfg = Release|Any CPU
		{C7E1B0D6-FD01-4ADD-A39A-863265903256}.Release|Any CPU.Build.0 = Release|Any CPU
		{34A182C2-CE6B-4CCF-A292-D63CEBF06528}.Debug|Any CPU.ActiveCfg = Debug|Any CPU
		{34A182C2-CE6B-4CCF-A292-D63CEBF06528}.Debug|Any CPU.Build.0 = Debug|Any CPU
		{34A182C2-CE6B-4CCF-A292-D63CEBF06528}.Release|Any CPU.ActiveCfg = Release|Any CPU
		{34A182C2-CE6B-4CCF-A292-D63CEBF06528}.Release|Any CPU.Build.0 = Release|Any CPU
		{FD6C671B-0A63-49CD-A2AB-1BA9CC7A68C8}.Debug|Any CPU.ActiveCfg = Debug|Any CPU
		{FD6C671B-0A63-49CD-A2AB-1BA9CC7A68C8}.Debug|Any CPU.Build.0 = Debug|Any CPU
		{FD6C671B-0A63-49CD-A2AB-1BA9CC7A68C8}.Release|Any CPU.ActiveCfg = Release|Any CPU
		{FD6C671B-0A63-49CD-A2AB-1BA9CC7A68C8}.Release|Any CPU.Build.0 = Release|Any CPU
		{52CDE0B2-9674-400A-9F73-BEC00F73BA5C}.Debug|Any CPU.ActiveCfg = Debug|Any CPU
		{52CDE0B2-9674-400A-9F73-BEC00F73BA5C}.Debug|Any CPU.Build.0 = Debug|Any CPU
		{52CDE0B2-9674-400A-9F73-BEC00F73BA5C}.Release|Any CPU.ActiveCfg = Release|Any CPU
		{52CDE0B2-9674-400A-9F73-BEC00F73BA5C}.Release|Any CPU.Build.0 = Release|Any CPU
		{7C8857CD-0DC8-432C-A5D9-055F0CAAC006}.Debug|Any CPU.ActiveCfg = Debug|Any CPU
		{7C8857CD-0DC8-432C-A5D9-055F0CAAC006}.Debug|Any CPU.Build.0 = Debug|Any CPU
		{7C8857CD-0DC8-432C-A5D9-055F0CAAC006}.Release|Any CPU.ActiveCfg = Release|Any CPU
		{7C8857CD-0DC8-432C-A5D9-055F0CAAC006}.Release|Any CPU.Build.0 = Release|Any CPU
		{EAF7ECB7-7E45-4BEE-B79B-B2BC8AE2FE01}.Debug|Any CPU.ActiveCfg = Debug|Any CPU
		{EAF7ECB7-7E45-4BEE-B79B-B2BC8AE2FE01}.Debug|Any CPU.Build.0 = Debug|Any CPU
		{EAF7ECB7-7E45-4BEE-B79B-B2BC8AE2FE01}.Release|Any CPU.ActiveCfg = Release|Any CPU
		{EAF7ECB7-7E45-4BEE-B79B-B2BC8AE2FE01}.Release|Any CPU.Build.0 = Release|Any CPU
		{F5832C6D-9633-47E7-B0D1-2A62F942D3A2}.Debug|Any CPU.ActiveCfg = Debug|Any CPU
		{F5832C6D-9633-47E7-B0D1-2A62F942D3A2}.Debug|Any CPU.Build.0 = Debug|Any CPU
		{F5832C6D-9633-47E7-B0D1-2A62F942D3A2}.Release|Any CPU.ActiveCfg = Release|Any CPU
		{F5832C6D-9633-47E7-B0D1-2A62F942D3A2}.Release|Any CPU.Build.0 = Release|Any CPU
		{DCA0ABC8-FA44-4337-9686-C4FF51C45C7C}.Debug|Any CPU.ActiveCfg = Debug|Any CPU
		{DCA0ABC8-FA44-4337-9686-C4FF51C45C7C}.Debug|Any CPU.Build.0 = Debug|Any CPU
		{DCA0ABC8-FA44-4337-9686-C4FF51C45C7C}.Release|Any CPU.ActiveCfg = Release|Any CPU
		{DCA0ABC8-FA44-4337-9686-C4FF51C45C7C}.Release|Any CPU.Build.0 = Release|Any CPU
		{B281A6C7-3F89-491C-B728-96B71B95205D}.Debug|Any CPU.ActiveCfg = Debug|Any CPU
		{B281A6C7-3F89-491C-B728-96B71B95205D}.Debug|Any CPU.Build.0 = Debug|Any CPU
		{B281A6C7-3F89-491C-B728-96B71B95205D}.Release|Any CPU.ActiveCfg = Release|Any CPU
		{B281A6C7-3F89-491C-B728-96B71B95205D}.Release|Any CPU.Build.0 = Release|Any CPU
		{8EFFD85B-C2D1-4EF5-B1FF-1930B909B459}.Debug|Any CPU.ActiveCfg = Debug|Any CPU
		{8EFFD85B-C2D1-4EF5-B1FF-1930B909B459}.Debug|Any CPU.Build.0 = Debug|Any CPU
		{8EFFD85B-C2D1-4EF5-B1FF-1930B909B459}.Release|Any CPU.ActiveCfg = Release|Any CPU
		{8EFFD85B-C2D1-4EF5-B1FF-1930B909B459}.Release|Any CPU.Build.0 = Release|Any CPU
		{3179833F-F34D-45B5-A95B-7331967D79D8}.Debug|Any CPU.ActiveCfg = Debug|Any CPU
		{3179833F-F34D-45B5-A95B-7331967D79D8}.Debug|Any CPU.Build.0 = Debug|Any CPU
		{3179833F-F34D-45B5-A95B-7331967D79D8}.Release|Any CPU.ActiveCfg = Release|Any CPU
		{3179833F-F34D-45B5-A95B-7331967D79D8}.Release|Any CPU.Build.0 = Release|Any CPU
		{0A70ECA8-4871-499F-A50D-BE79CEEF1058}.Debug|Any CPU.ActiveCfg = Debug|Any CPU
		{0A70ECA8-4871-499F-A50D-BE79CEEF1058}.Debug|Any CPU.Build.0 = Debug|Any CPU
		{0A70ECA8-4871-499F-A50D-BE79CEEF1058}.Release|Any CPU.ActiveCfg = Release|Any CPU
		{0A70ECA8-4871-499F-A50D-BE79CEEF1058}.Release|Any CPU.Build.0 = Release|Any CPU
		{71EB3EB4-3076-4459-9FD8-ED5D76CE9D10}.Debug|Any CPU.ActiveCfg = Debug|Any CPU
		{71EB3EB4-3076-4459-9FD8-ED5D76CE9D10}.Debug|Any CPU.Build.0 = Debug|Any CPU
		{71EB3EB4-3076-4459-9FD8-ED5D76CE9D10}.Release|Any CPU.ActiveCfg = Release|Any CPU
		{71EB3EB4-3076-4459-9FD8-ED5D76CE9D10}.Release|Any CPU.Build.0 = Release|Any CPU
		{90A34208-3C00-4441-8D43-C9C9C79DDEBB}.Debug|Any CPU.ActiveCfg = Debug|Any CPU
		{90A34208-3C00-4441-8D43-C9C9C79DDEBB}.Debug|Any CPU.Build.0 = Debug|Any CPU
		{90A34208-3C00-4441-8D43-C9C9C79DDEBB}.Release|Any CPU.ActiveCfg = Release|Any CPU
		{90A34208-3C00-4441-8D43-C9C9C79DDEBB}.Release|Any CPU.Build.0 = Release|Any CPU
		{4D4BACAA-777D-4F26-B92C-B8B24C9EEA0C}.Debug|Any CPU.ActiveCfg = Debug|Any CPU
		{4D4BACAA-777D-4F26-B92C-B8B24C9EEA0C}.Debug|Any CPU.Build.0 = Debug|Any CPU
		{4D4BACAA-777D-4F26-B92C-B8B24C9EEA0C}.Release|Any CPU.ActiveCfg = Release|Any CPU
		{4D4BACAA-777D-4F26-B92C-B8B24C9EEA0C}.Release|Any CPU.Build.0 = Release|Any CPU
		{618D752D-4BC0-4565-A8EB-0F495740FD92}.Debug|Any CPU.ActiveCfg = Debug|Any CPU
		{618D752D-4BC0-4565-A8EB-0F495740FD92}.Debug|Any CPU.Build.0 = Debug|Any CPU
		{618D752D-4BC0-4565-A8EB-0F495740FD92}.Release|Any CPU.ActiveCfg = Release|Any CPU
		{618D752D-4BC0-4565-A8EB-0F495740FD92}.Release|Any CPU.Build.0 = Release|Any CPU
		{8E402EE2-B57E-4445-ABB4-53A037434695}.Debug|Any CPU.ActiveCfg = Debug|Any CPU
		{8E402EE2-B57E-4445-ABB4-53A037434695}.Debug|Any CPU.Build.0 = Debug|Any CPU
		{8E402EE2-B57E-4445-ABB4-53A037434695}.Release|Any CPU.ActiveCfg = Release|Any CPU
		{8E402EE2-B57E-4445-ABB4-53A037434695}.Release|Any CPU.Build.0 = Release|Any CPU
		{A911E610-870E-4E19-AC15-3B571CB7D547}.Debug|Any CPU.ActiveCfg = Debug|Any CPU
		{A911E610-870E-4E19-AC15-3B571CB7D547}.Debug|Any CPU.Build.0 = Debug|Any CPU
		{A911E610-870E-4E19-AC15-3B571CB7D547}.Release|Any CPU.ActiveCfg = Release|Any CPU
		{A911E610-870E-4E19-AC15-3B571CB7D547}.Release|Any CPU.Build.0 = Release|Any CPU
		{C40D9166-850C-4135-9877-4F3FE4AED03B}.Debug|Any CPU.ActiveCfg = Debug|Any CPU
		{C40D9166-850C-4135-9877-4F3FE4AED03B}.Debug|Any CPU.Build.0 = Debug|Any CPU
		{C40D9166-850C-4135-9877-4F3FE4AED03B}.Release|Any CPU.ActiveCfg = Release|Any CPU
		{C40D9166-850C-4135-9877-4F3FE4AED03B}.Release|Any CPU.Build.0 = Release|Any CPU
		{B143D62B-D582-4E3F-80A8-9548F8D9F317}.Debug|Any CPU.ActiveCfg = Debug|Any CPU
		{B143D62B-D582-4E3F-80A8-9548F8D9F317}.Debug|Any CPU.Build.0 = Debug|Any CPU
		{B143D62B-D582-4E3F-80A8-9548F8D9F317}.Release|Any CPU.ActiveCfg = Release|Any CPU
		{B143D62B-D582-4E3F-80A8-9548F8D9F317}.Release|Any CPU.Build.0 = Release|Any CPU
		{140908BE-0ECA-43E2-82B8-F96FFB95CAE1}.Debug|Any CPU.ActiveCfg = Debug|Any CPU
		{140908BE-0ECA-43E2-82B8-F96FFB95CAE1}.Debug|Any CPU.Build.0 = Debug|Any CPU
		{140908BE-0ECA-43E2-82B8-F96FFB95CAE1}.Release|Any CPU.ActiveCfg = Release|Any CPU
		{140908BE-0ECA-43E2-82B8-F96FFB95CAE1}.Release|Any CPU.Build.0 = Release|Any CPU
		{B4985FB2-EF6B-4229-B504-936FB1B306F5}.Debug|Any CPU.ActiveCfg = Debug|Any CPU
		{B4985FB2-EF6B-4229-B504-936FB1B306F5}.Debug|Any CPU.Build.0 = Debug|Any CPU
		{B4985FB2-EF6B-4229-B504-936FB1B306F5}.Release|Any CPU.ActiveCfg = Release|Any CPU
		{B4985FB2-EF6B-4229-B504-936FB1B306F5}.Release|Any CPU.Build.0 = Release|Any CPU
		{307F4E7A-C867-46ED-BCF5-616B7F549E26}.Debug|Any CPU.ActiveCfg = Debug|Any CPU
		{307F4E7A-C867-46ED-BCF5-616B7F549E26}.Debug|Any CPU.Build.0 = Debug|Any CPU
		{307F4E7A-C867-46ED-BCF5-616B7F549E26}.Release|Any CPU.ActiveCfg = Release|Any CPU
		{307F4E7A-C867-46ED-BCF5-616B7F549E26}.Release|Any CPU.Build.0 = Release|Any CPU
	EndGlobalSection
	GlobalSection(SolutionProperties) = preSolution
		HideSolutionNode = FALSE
	EndGlobalSection
	GlobalSection(NestedProjects) = preSolution
		{FD431380-4CF7-4829-9AAC-D3F5B6517E6A} = {22305787-5D69-48B1-B688-0DC3D688D3D6}
		{C7E1B0D6-FD01-4ADD-A39A-863265903256} = {22305787-5D69-48B1-B688-0DC3D688D3D6}
		{34A182C2-CE6B-4CCF-A292-D63CEBF06528} = {22305787-5D69-48B1-B688-0DC3D688D3D6}
		{FD6C671B-0A63-49CD-A2AB-1BA9CC7A68C8} = {F62CDABE-60CC-45F0-B04C-329E4106656B}
		{52CDE0B2-9674-400A-9F73-BEC00F73BA5C} = {F62CDABE-60CC-45F0-B04C-329E4106656B}
		{7C8857CD-0DC8-432C-A5D9-055F0CAAC006} = {F62CDABE-60CC-45F0-B04C-329E4106656B}
		{EAF7ECB7-7E45-4BEE-B79B-B2BC8AE2FE01} = {92F93F2E-FB75-430F-8B8D-E180774159D9}
		{F5832C6D-9633-47E7-B0D1-2A62F942D3A2} = {92F93F2E-FB75-430F-8B8D-E180774159D9}
		{DCA0ABC8-FA44-4337-9686-C4FF51C45C7C} = {92F93F2E-FB75-430F-8B8D-E180774159D9}
		{B281A6C7-3F89-491C-B728-96B71B95205D} = {6C8860BB-925E-413E-8928-C34C1DC8DD79}
		{8EFFD85B-C2D1-4EF5-B1FF-1930B909B459} = {6C8860BB-925E-413E-8928-C34C1DC8DD79}
		{3179833F-F34D-45B5-A95B-7331967D79D8} = {6C8860BB-925E-413E-8928-C34C1DC8DD79}
		{0A70ECA8-4871-499F-A50D-BE79CEEF1058} = {995B2C02-DB30-42AF-BD5E-9CABEEE3CC62}
		{71EB3EB4-3076-4459-9FD8-ED5D76CE9D10} = {995B2C02-DB30-42AF-BD5E-9CABEEE3CC62}
		{90A34208-3C00-4441-8D43-C9C9C79DDEBB} = {995B2C02-DB30-42AF-BD5E-9CABEEE3CC62}
		{4D4BACAA-777D-4F26-B92C-B8B24C9EEA0C} = {0F00FBBB-513F-474F-BB13-C2C6B78777D3}
		{618D752D-4BC0-4565-A8EB-0F495740FD92} = {0F00FBBB-513F-474F-BB13-C2C6B78777D3}
		{8E402EE2-B57E-4445-ABB4-53A037434695} = {0F00FBBB-513F-474F-BB13-C2C6B78777D3}
		{A911E610-870E-4E19-AC15-3B571CB7D547} = {68C0B8CF-39F2-49C0-9B8C-598A535532F7}
		{C40D9166-850C-4135-9877-4F3FE4AED03B} = {68C0B8CF-39F2-49C0-9B8C-598A535532F7}
		{B143D62B-D582-4E3F-80A8-9548F8D9F317} = {68C0B8CF-39F2-49C0-9B8C-598A535532F7}
		{140908BE-0ECA-43E2-82B8-F96FFB95CAE1} = {0D74866D-7497-41B7-A1B8-97FD7A9C3BE9}
		{B4985FB2-EF6B-4229-B504-936FB1B306F5} = {0D74866D-7497-41B7-A1B8-97FD7A9C3BE9}
		{307F4E7A-C867-46ED-BCF5-616B7F549E26} = {0D74866D-7497-41B7-A1B8-97FD7A9C3BE9}
	EndGlobalSection
	GlobalSection(ExtensibilityGlobals) = postSolution
		SolutionGuid = {46D8442D-B186-4C4B-81EE-113179B86A63}
	EndGlobalSection
EndGlobal
